
Microsoft Visual Studio Solution File, Format Version 12.00
# Visual Studio Version 16
VisualStudioVersion = 16.0.29728.190
MinimumVisualStudioVersion = 10.0.40219.1
Project("{FAE04EC0-301F-11D3-BF4B-00C04F79EFBC}") = "BookLists.UWP", "BookLists.UWP\BookLists.UWP.csproj", "{3CFF6B41-9390-403A-8F92-3C3045FF5375}"
EndProject
Project("{FAE04EC0-301F-11D3-BF4B-00C04F79EFBC}") = "BookLists.Android", "BookLists.Android\BookLists.Android.csproj", "{F8D38709-4F01-430A-8AA6-F2253C9E30B8}"
EndProject
Project("{FAE04EC0-301F-11D3-BF4B-00C04F79EFBC}") = "BookLists.iOS", "BookLists.iOS\BookLists.iOS.csproj", "{146B7FD1-F71E-4E62-95B6-FD0E51E9971D}"
EndProject
Project("{FAE04EC0-301F-11D3-BF4B-00C04F79EFBC}") = "BookLists", "BookLists\BookLists.csproj", "{4E922807-15D4-481F-A16E-72123B2E44AF}"
EndProject
Global
	GlobalSection(SolutionConfigurationPlatforms) = preSolution
		Debug|Any CPU = Debug|Any CPU
		Debug|ARM = Debug|ARM
		Debug|iPhone = Debug|iPhone
		Debug|iPhoneSimulator = Debug|iPhoneSimulator
		Debug|x64 = Debug|x64
		Debug|x86 = Debug|x86
		Release|Any CPU = Release|Any CPU
		Release|ARM = Release|ARM
		Release|iPhone = Release|iPhone
		Release|iPhoneSimulator = Release|iPhoneSimulator
		Release|x64 = Release|x64
		Release|x86 = Release|x86
	EndGlobalSection
	GlobalSection(ProjectConfigurationPlatforms) = postSolution
		{3CFF6B41-9390-403A-8F92-3C3045FF5375}.Debug|Any CPU.ActiveCfg = Debug|x86
		{3CFF6B41-9390-403A-8F92-3C3045FF5375}.Debug|Any CPU.Build.0 = Debug|x86
		{3CFF6B41-9390-403A-8F92-3C3045FF5375}.Debug|Any CPU.Deploy.0 = Debug|x86
		{3CFF6B41-9390-403A-8F92-3C3045FF5375}.Debug|ARM.ActiveCfg = Debug|ARM
		{3CFF6B41-9390-403A-8F92-3C3045FF5375}.Debug|ARM.Build.0 = Debug|ARM
		{3CFF6B41-9390-403A-8F92-3C3045FF5375}.Debug|ARM.Deploy.0 = Debug|ARM
		{3CFF6B41-9390-403A-8F92-3C3045FF5375}.Debug|iPhone.ActiveCfg = Debug|x86
		{3CFF6B41-9390-403A-8F92-3C3045FF5375}.Debug|iPhone.Build.0 = Debug|x86
		{3CFF6B41-9390-403A-8F92-3C3045FF5375}.Debug|iPhone.Deploy.0 = Debug|x86
		{3CFF6B41-9390-403A-8F92-3C3045FF5375}.Debug|iPhoneSimulator.ActiveCfg = Debug|x86
		{3CFF6B41-9390-403A-8F92-3C3045FF5375}.Debug|iPhoneSimulator.Build.0 = Debug|x86
		{3CFF6B41-9390-403A-8F92-3C3045FF5375}.Debug|iPhoneSimulator.Deploy.0 = Debug|x86
		{3CFF6B41-9390-403A-8F92-3C3045FF5375}.Debug|x64.ActiveCfg = Debug|x64
		{3CFF6B41-9390-403A-8F92-3C3045FF5375}.Debug|x64.Build.0 = Debug|x64
		{3CFF6B41-9390-403A-8F92-3C3045FF5375}.Debug|x64.Deploy.0 = Debug|x64
		{3CFF6B41-9390-403A-8F92-3C3045FF5375}.Debug|x86.ActiveCfg = Debug|x86
		{3CFF6B41-9390-403A-8F92-3C3045FF5375}.Debug|x86.Build.0 = Debug|x86
		{3CFF6B41-9390-403A-8F92-3C3045FF5375}.Debug|x86.Deploy.0 = Debug|x86
		{3CFF6B41-9390-403A-8F92-3C3045FF5375}.Release|Any CPU.ActiveCfg = Release|x86
		{3CFF6B41-9390-403A-8F92-3C3045FF5375}.Release|Any CPU.Build.0 = Release|x86
		{3CFF6B41-9390-403A-8F92-3C3045FF5375}.Release|Any CPU.Deploy.0 = Release|x86
		{3CFF6B41-9390-403A-8F92-3C3045FF5375}.Release|ARM.ActiveCfg = Release|ARM
		{3CFF6B41-9390-403A-8F92-3C3045FF5375}.Release|ARM.Build.0 = Release|ARM
		{3CFF6B41-9390-403A-8F92-3C3045FF5375}.Release|ARM.Deploy.0 = Release|ARM
		{3CFF6B41-9390-403A-8F92-3C3045FF5375}.Release|iPhone.ActiveCfg = Release|x86
		{3CFF6B41-9390-403A-8F92-3C3045FF5375}.Release|iPhone.Build.0 = Release|x86
		{3CFF6B41-9390-403A-8F92-3C3045FF5375}.Release|iPhone.Deploy.0 = Release|x86
		{3CFF6B41-9390-403A-8F92-3C3045FF5375}.Release|iPhoneSimulator.ActiveCfg = Release|x86
		{3CFF6B41-9390-403A-8F92-3C3045FF5375}.Release|iPhoneSimulator.Build.0 = Release|x86
		{3CFF6B41-9390-403A-8F92-3C3045FF5375}.Release|iPhoneSimulator.Deploy.0 = Release|x86
		{3CFF6B41-9390-403A-8F92-3C3045FF5375}.Release|x64.ActiveCfg = Release|x64
		{3CFF6B41-9390-403A-8F92-3C3045FF5375}.Release|x64.Build.0 = Release|x64
		{3CFF6B41-9390-403A-8F92-3C3045FF5375}.Release|x64.Deploy.0 = Release|x64
		{3CFF6B41-9390-403A-8F92-3C3045FF5375}.Release|x86.ActiveCfg = Release|x86
		{3CFF6B41-9390-403A-8F92-3C3045FF5375}.Release|x86.Build.0 = Release|x86
		{3CFF6B41-9390-403A-8F92-3C3045FF5375}.Release|x86.Deploy.0 = Release|x86
		{F8D38709-4F01-430A-8AA6-F2253C9E30B8}.Debug|Any CPU.ActiveCfg = Debug|Any CPU
		{F8D38709-4F01-430A-8AA6-F2253C9E30B8}.Debug|Any CPU.Build.0 = Debug|Any CPU
		{F8D38709-4F01-430A-8AA6-F2253C9E30B8}.Debug|Any CPU.Deploy.0 = Debug|Any CPU
		{F8D38709-4F01-430A-8AA6-F2253C9E30B8}.Debug|ARM.ActiveCfg = Debug|Any CPU
		{F8D38709-4F01-430A-8AA6-F2253C9E30B8}.Debug|ARM.Build.0 = Debug|Any CPU
		{F8D38709-4F01-430A-8AA6-F2253C9E30B8}.Debug|ARM.Deploy.0 = Debug|Any CPU
		{F8D38709-4F01-430A-8AA6-F2253C9E30B8}.Debug|iPhone.ActiveCfg = Debug|Any CPU
		{F8D38709-4F01-430A-8AA6-F2253C9E30B8}.Debug|iPhone.Build.0 = Debug|Any CPU
		{F8D38709-4F01-430A-8AA6-F2253C9E30B8}.Debug|iPhone.Deploy.0 = Debug|Any CPU
		{F8D38709-4F01-430A-8AA6-F2253C9E30B8}.Debug|iPhoneSimulator.ActiveCfg = Debug|Any CPU
		{F8D38709-4F01-430A-8AA6-F2253C9E30B8}.Debug|iPhoneSimulator.Build.0 = Debug|Any CPU
		{F8D38709-4F01-430A-8AA6-F2253C9E30B8}.Debug|iPhoneSimulator.Deploy.0 = Debug|Any CPU
		{F8D38709-4F01-430A-8AA6-F2253C9E30B8}.Debug|x64.ActiveCfg = Debug|Any CPU
		{F8D38709-4F01-430A-8AA6-F2253C9E30B8}.Debug|x64.Build.0 = Debug|Any CPU
		{F8D38709-4F01-430A-8AA6-F2253C9E30B8}.Debug|x64.Deploy.0 = Debug|Any CPU
		{F8D38709-4F01-430A-8AA6-F2253C9E30B8}.Debug|x86.ActiveCfg = Debug|Any CPU
		{F8D38709-4F01-430A-8AA6-F2253C9E30B8}.Debug|x86.Build.0 = Debug|Any CPU
		{F8D38709-4F01-430A-8AA6-F2253C9E30B8}.Debug|x86.Deploy.0 = Debug|Any CPU
		{F8D38709-4F01-430A-8AA6-F2253C9E30B8}.Release|Any CPU.ActiveCfg = Release|Any CPU
		{F8D38709-4F01-430A-8AA6-F2253C9E30B8}.Release|Any CPU.Build.0 = Release|Any CPU
		{F8D38709-4F01-430A-8AA6-F2253C9E30B8}.Release|Any CPU.Deploy.0 = Release|Any CPU
		{F8D38709-4F01-430A-8AA6-F2253C9E30B8}.Release|ARM.ActiveCfg = Release|Any CPU
		{F8D38709-4F01-430A-8AA6-F2253C9E30B8}.Release|ARM.Build.0 = Release|Any CPU
		{F8D38709-4F01-430A-8AA6-F2253C9E30B8}.Release|ARM.Deploy.0 = Release|Any CPU
		{F8D38709-4F01-430A-8AA6-F2253C9E30B8}.Release|iPhone.ActiveCfg = Release|Any CPU
		{F8D38709-4F01-430A-8AA6-F2253C9E30B8}.Release|iPhone.Build.0 = Release|Any CPU
		{F8D38709-4F01-430A-8AA6-F2253C9E30B8}.Release|iPhone.Deploy.0 = Release|Any CPU
		{F8D38709-4F01-430A-8AA6-F2253C9E30B8}.Release|iPhoneSimulator.ActiveCfg = Release|Any CPU
		{F8D38709-4F01-430A-8AA6-F2253C9E30B8}.Release|iPhoneSimulator.Build.0 = Release|Any CPU
		{F8D38709-4F01-430A-8AA6-F2253C9E30B8}.Release|iPhoneSimulator.Deploy.0 = Release|Any CPU
		{F8D38709-4F01-430A-8AA6-F2253C9E30B8}.Release|x64.ActiveCfg = Release|Any CPU
		{F8D38709-4F01-430A-8AA6-F2253C9E30B8}.Release|x64.Build.0 = Release|Any CPU
		{F8D38709-4F01-430A-8AA6-F2253C9E30B8}.Release|x64.Deploy.0 = Release|Any CPU
		{F8D38709-4F01-430A-8AA6-F2253C9E30B8}.Release|x86.ActiveCfg = Release|Any CPU
		{F8D38709-4F01-430A-8AA6-F2253C9E30B8}.Release|x86.Build.0 = Release|Any CPU
		{F8D38709-4F01-430A-8AA6-F2253C9E30B8}.Release|x86.Deploy.0 = Release|Any CPU
		{146B7FD1-F71E-4E62-95B6-FD0E51E9971D}.Debug|Any CPU.ActiveCfg = Debug|iPhone
		{146B7FD1-F71E-4E62-95B6-FD0E51E9971D}.Debug|Any CPU.Build.0 = Debug|iPhone
		{146B7FD1-F71E-4E62-95B6-FD0E51E9971D}.Debug|Any CPU.Deploy.0 = Debug|iPhone
		{146B7FD1-F71E-4E62-95B6-FD0E51E9971D}.Debug|ARM.ActiveCfg = Debug|iPhoneSimulator
		{146B7FD1-F71E-4E62-95B6-FD0E51E9971D}.Debug|ARM.Build.0 = Debug|iPhoneSimulator
		{146B7FD1-F71E-4E62-95B6-FD0E51E9971D}.Debug|ARM.Deploy.0 = Debug|iPhoneSimulator
		{146B7FD1-F71E-4E62-95B6-FD0E51E9971D}.Debug|iPhone.ActiveCfg = Debug|iPhone
		{146B7FD1-F71E-4E62-95B6-FD0E51E9971D}.Debug|iPhone.Build.0 = Debug|iPhone
		{146B7FD1-F71E-4E62-95B6-FD0E51E9971D}.Debug|iPhone.Deploy.0 = Debug|iPhone
		{146B7FD1-F71E-4E62-95B6-FD0E51E9971D}.Debug|iPhoneSimulator.ActiveCfg = Debug|iPhoneSimulator
		{146B7FD1-F71E-4E62-95B6-FD0E51E9971D}.Debug|iPhoneSimulator.Build.0 = Debug|iPhoneSimulator
		{146B7FD1-F71E-4E62-95B6-FD0E51E9971D}.Debug|iPhoneSimulator.Deploy.0 = Debug|iPhoneSimulator
		{146B7FD1-F71E-4E62-95B6-FD0E51E9971D}.Debug|x64.ActiveCfg = Debug|iPhone
		{146B7FD1-F71E-4E62-95B6-FD0E51E9971D}.Debug|x64.Build.0 = Debug|iPhone
		{146B7FD1-F71E-4E62-95B6-FD0E51E9971D}.Debug|x64.Deploy.0 = Debug|iPhone
		{146B7FD1-F71E-4E62-95B6-FD0E51E9971D}.Debug|x86.ActiveCfg = Debug|iPhone
		{146B7FD1-F71E-4E62-95B6-FD0E51E9971D}.Debug|x86.Build.0 = Debug|iPhone
		{146B7FD1-F71E-4E62-95B6-FD0E51E9971D}.Debug|x86.Deploy.0 = Debug|iPhone
		{146B7FD1-F71E-4E62-95B6-FD0E51E9971D}.Release|Any CPU.ActiveCfg = Release|iPhone
		{146B7FD1-F71E-4E62-95B6-FD0E51E9971D}.Release|Any CPU.Build.0 = Release|iPhone
		{146B7FD1-F71E-4E62-95B6-FD0E51E9971D}.Release|Any CPU.Deploy.0 = Release|iPhone
		{146B7FD1-F71E-4E62-95B6-FD0E51E9971D}.Release|ARM.ActiveCfg = Release|iPhone
		{146B7FD1-F71E-4E62-95B6-FD0E51E9971D}.Release|ARM.Build.0 = Release|iPhone
		{146B7FD1-F71E-4E62-95B6-FD0E51E9971D}.Release|ARM.Deploy.0 = Release|iPhone
		{146B7FD1-F71E-4E62-95B6-FD0E51E9971D}.Release|iPhone.ActiveCfg = Release|iPhone
		{146B7FD1-F71E-4E62-95B6-FD0E51E9971D}.Release|iPhone.Build.0 = Release|iPhone
		{146B7FD1-F71E-4E62-95B6-FD0E51E9971D}.Release|iPhone.Deploy.0 = Release|iPhone
		{146B7FD1-F71E-4E62-95B6-FD0E51E9971D}.Release|iPhoneSimulator.ActiveCfg = Release|iPhoneSimulator
		{146B7FD1-F71E-4E62-95B6-FD0E51E9971D}.Release|iPhoneSimulator.Build.0 = Release|iPhoneSimulator
		{146B7FD1-F71E-4E62-95B6-FD0E51E9971D}.Release|iPhoneSimulator.Deploy.0 = Release|iPhoneSimulator
		{146B7FD1-F71E-4E62-95B6-FD0E51E9971D}.Release|x64.ActiveCfg = Release|iPhone
		{146B7FD1-F71E-4E62-95B6-FD0E51E9971D}.Release|x64.Build.0 = Release|iPhone
		{146B7FD1-F71E-4E62-95B6-FD0E51E9971D}.Release|x64.Deploy.0 = Release|iPhone
		{146B7FD1-F71E-4E62-95B6-FD0E51E9971D}.Release|x86.ActiveCfg = Release|iPhone
		{146B7FD1-F71E-4E62-95B6-FD0E51E9971D}.Release|x86.Build.0 = Release|iPhone
		{146B7FD1-F71E-4E62-95B6-FD0E51E9971D}.Release|x86.Deploy.0 = Release|iPhone
		{4E922807-15D4-481F-A16E-72123B2E44AF}.Debug|Any CPU.ActiveCfg = Debug|Any CPU
		{4E922807-15D4-481F-A16E-72123B2E44AF}.Debug|Any CPU.Build.0 = Debug|Any CPU
		{4E922807-15D4-481F-A16E-72123B2E44AF}.Debug|Any CPU.Deploy.0 = Debug|Any CPU
		{4E922807-15D4-481F-A16E-72123B2E44AF}.Debug|ARM.ActiveCfg = Debug|Any CPU
		{4E922807-15D4-481F-A16E-72123B2E44AF}.Debug|ARM.Build.0 = Debug|Any CPU
		{4E922807-15D4-481F-A16E-72123B2E44AF}.Debug|ARM.Deploy.0 = Debug|Any CPU
		{4E922807-15D4-481F-A16E-72123B2E44AF}.Debug|iPhone.ActiveCfg = Debug|Any CPU
		{4E922807-15D4-481F-A16E-72123B2E44AF}.Debug|iPhone.Build.0 = Debug|Any CPU
		{4E922807-15D4-481F-A16E-72123B2E44AF}.Debug|iPhone.Deploy.0 = Debug|Any CPU
		{4E922807-15D4-481F-A16E-72123B2E44AF}.Debug|iPhoneSimulator.ActiveCfg = Debug|Any CPU
		{4E922807-15D4-481F-A16E-72123B2E44AF}.Debug|iPhoneSimulator.Build.0 = Debug|Any CPU
		{4E922807-15D4-481F-A16E-72123B2E44AF}.Debug|iPhoneSimulator.Deploy.0 = Debug|Any CPU
		{4E922807-15D4-481F-A16E-72123B2E44AF}.Debug|x64.ActiveCfg = Debug|Any CPU
		{4E922807-15D4-481F-A16E-72123B2E44AF}.Debug|x64.Build.0 = Debug|Any CPU
		{4E922807-15D4-481F-A16E-72123B2E44AF}.Debug|x64.Deploy.0 = Debug|Any CPU
		{4E922807-15D4-481F-A16E-72123B2E44AF}.Debug|x86.ActiveCfg = Debug|Any CPU
		{4E922807-15D4-481F-A16E-72123B2E44AF}.Debug|x86.Build.0 = Debug|Any CPU
		{4E922807-15D4-481F-A16E-72123B2E44AF}.Debug|x86.Deploy.0 = Debug|Any CPU
		{4E922807-15D4-481F-A16E-72123B2E44AF}.Release|Any CPU.ActiveCfg = Release|Any CPU
		{4E922807-15D4-481F-A16E-72123B2E44AF}.Release|Any CPU.Build.0 = Release|Any CPU
		{4E922807-15D4-481F-A16E-72123B2E44AF}.Release|Any CPU.Deploy.0 = Release|Any CPU
		{4E922807-15D4-481F-A16E-72123B2E44AF}.Release|ARM.ActiveCfg = Release|Any CPU
		{4E922807-15D4-481F-A16E-72123B2E44AF}.Release|ARM.Build.0 = Release|Any CPU
		{4E922807-15D4-481F-A16E-72123B2E44AF}.Release|ARM.Deploy.0 = Release|Any CPU
		{4E922807-15D4-481F-A16E-72123B2E44AF}.Release|iPhone.ActiveCfg = Release|Any CPU
		{4E922807-15D4-481F-A16E-72123B2E44AF}.Release|iPhone.Build.0 = Release|Any CPU
		{4E922807-15D4-481F-A16E-72123B2E44AF}.Release|iPhone.Deploy.0 = Release|Any CPU
		{4E922807-15D4-481F-A16E-72123B2E44AF}.Release|iPhoneSimulator.ActiveCfg = Release|Any CPU
		{4E922807-15D4-481F-A16E-72123B2E44AF}.Release|iPhoneSimulator.Build.0 = Release|Any CPU
		{4E922807-15D4-481F-A16E-72123B2E44AF}.Release|iPhoneSimulator.Deploy.0 = Release|Any CPU
		{4E922807-15D4-481F-A16E-72123B2E44AF}.Release|x64.ActiveCfg = Release|Any CPU
		{4E922807-15D4-481F-A16E-72123B2E44AF}.Release|x64.Build.0 = Release|Any CPU
		{4E922807-15D4-481F-A16E-72123B2E44AF}.Release|x64.Deploy.0 = Release|Any CPU
		{4E922807-15D4-481F-A16E-72123B2E44AF}.Release|x86.ActiveCfg = Release|Any CPU
		{4E922807-15D4-481F-A16E-72123B2E44AF}.Release|x86.Build.0 = Release|Any CPU
		{4E922807-15D4-481F-A16E-72123B2E44AF}.Release|x86.Deploy.0 = Release|Any CPU
	EndGlobalSection
	GlobalSection(SolutionProperties) = preSolution
		HideSolutionNode = FALSE
	EndGlobalSection
	GlobalSection(ExtensibilityGlobals) = postSolution
		SolutionGuid = {A9B04680-3545-4383-9F3A-BE986FD96649}
	EndGlobalSection
EndGlobal
