
Microsoft Visual Studio Solution File, Format Version 12.00
# Visual Studio Version 16
VisualStudioVersion = 16.0.29728.190
MinimumVisualStudioVersion = 10.0.40219.1
Project("{FAE04EC0-301F-11D3-BF4B-00C04F79EFBC}") = "HPlusSports.UWP", "HPlusSports.UWP\HPlusSports.UWP.csproj", "{D22B732B-84F5-4213-8114-EB61EDECF3AC}"
EndProject
Project("{FAE04EC0-301F-11D3-BF4B-00C04F79EFBC}") = "HPlusSports.Android", "HPlusSports.Android\HPlusSports.Android.csproj", "{0CAD07C1-3804-493B-87EA-3FD1CC8D1788}"
EndProject
Project("{FAE04EC0-301F-11D3-BF4B-00C04F79EFBC}") = "HPlusSports.iOS", "HPlusSports.iOS\HPlusSports.iOS.csproj", "{B200B48B-FC33-4078-AB13-C37834144573}"
EndProject
Project("{FAE04EC0-301F-11D3-BF4B-00C04F79EFBC}") = "HPlusSports", "HPlusSports\HPlusSports.csproj", "{063606F6-5B29-4431-88A3-67059869AF23}"
EndProject
Global
	GlobalSection(SolutionConfigurationPlatforms) = preSolution
		Debug|Any CPU = Debug|Any CPU
		Debug|ARM = Debug|ARM
		Debug|iPhone = Debug|iPhone
		Debug|iPhoneSimulator = Debug|iPhoneSimulator
		Debug|x64 = Debug|x64
		Debug|x86 = Debug|x86
		Release|Any CPU = Release|Any CPU
		Release|ARM = Release|ARM
		Release|iPhone = Release|iPhone
		Release|iPhoneSimulator = Release|iPhoneSimulator
		Release|x64 = Release|x64
		Release|x86 = Release|x86
	EndGlobalSection
	GlobalSection(ProjectConfigurationPlatforms) = postSolution
		{D22B732B-84F5-4213-8114-EB61EDECF3AC}.Debug|Any CPU.ActiveCfg = Debug|x86
		{D22B732B-84F5-4213-8114-EB61EDECF3AC}.Debug|Any CPU.Build.0 = Debug|x86
		{D22B732B-84F5-4213-8114-EB61EDECF3AC}.Debug|Any CPU.Deploy.0 = Debug|x86
		{D22B732B-84F5-4213-8114-EB61EDECF3AC}.Debug|ARM.ActiveCfg = Debug|ARM
		{D22B732B-84F5-4213-8114-EB61EDECF3AC}.Debug|ARM.Build.0 = Debug|ARM
		{D22B732B-84F5-4213-8114-EB61EDECF3AC}.Debug|ARM.Deploy.0 = Debug|ARM
		{D22B732B-84F5-4213-8114-EB61EDECF3AC}.Debug|iPhone.ActiveCfg = Debug|x86
		{D22B732B-84F5-4213-8114-EB61EDECF3AC}.Debug|iPhone.Build.0 = Debug|x86
		{D22B732B-84F5-4213-8114-EB61EDECF3AC}.Debug|iPhone.Deploy.0 = Debug|x86
		{D22B732B-84F5-4213-8114-EB61EDECF3AC}.Debug|iPhoneSimulator.ActiveCfg = Debug|x86
		{D22B732B-84F5-4213-8114-EB61EDECF3AC}.Debug|iPhoneSimulator.Build.0 = Debug|x86
		{D22B732B-84F5-4213-8114-EB61EDECF3AC}.Debug|iPhoneSimulator.Deploy.0 = Debug|x86
		{D22B732B-84F5-4213-8114-EB61EDECF3AC}.Debug|x64.ActiveCfg = Debug|x64
		{D22B732B-84F5-4213-8114-EB61EDECF3AC}.Debug|x64.Build.0 = Debug|x64
		{D22B732B-84F5-4213-8114-EB61EDECF3AC}.Debug|x64.Deploy.0 = Debug|x64
		{D22B732B-84F5-4213-8114-EB61EDECF3AC}.Debug|x86.ActiveCfg = Debug|x86
		{D22B732B-84F5-4213-8114-EB61EDECF3AC}.Debug|x86.Build.0 = Debug|x86
		{D22B732B-84F5-4213-8114-EB61EDECF3AC}.Debug|x86.Deploy.0 = Debug|x86
		{D22B732B-84F5-4213-8114-EB61EDECF3AC}.Release|Any CPU.ActiveCfg = Release|x86
		{D22B732B-84F5-4213-8114-EB61EDECF3AC}.Release|Any CPU.Build.0 = Release|x86
		{D22B732B-84F5-4213-8114-EB61EDECF3AC}.Release|Any CPU.Deploy.0 = Release|x86
		{D22B732B-84F5-4213-8114-EB61EDECF3AC}.Release|ARM.ActiveCfg = Release|ARM
		{D22B732B-84F5-4213-8114-EB61EDECF3AC}.Release|ARM.Build.0 = Release|ARM
		{D22B732B-84F5-4213-8114-EB61EDECF3AC}.Release|ARM.Deploy.0 = Release|ARM
		{D22B732B-84F5-4213-8114-EB61EDECF3AC}.Release|iPhone.ActiveCfg = Release|x86
		{D22B732B-84F5-4213-8114-EB61EDECF3AC}.Release|iPhone.Build.0 = Release|x86
		{D22B732B-84F5-4213-8114-EB61EDECF3AC}.Release|iPhone.Deploy.0 = Release|x86
		{D22B732B-84F5-4213-8114-EB61EDECF3AC}.Release|iPhoneSimulator.ActiveCfg = Release|x86
		{D22B732B-84F5-4213-8114-EB61EDECF3AC}.Release|iPhoneSimulator.Build.0 = Release|x86
		{D22B732B-84F5-4213-8114-EB61EDECF3AC}.Release|iPhoneSimulator.Deploy.0 = Release|x86
		{D22B732B-84F5-4213-8114-EB61EDECF3AC}.Release|x64.ActiveCfg = Release|x64
		{D22B732B-84F5-4213-8114-EB61EDECF3AC}.Release|x64.Build.0 = Release|x64
		{D22B732B-84F5-4213-8114-EB61EDECF3AC}.Release|x64.Deploy.0 = Release|x64
		{D22B732B-84F5-4213-8114-EB61EDECF3AC}.Release|x86.ActiveCfg = Release|x86
		{D22B732B-84F5-4213-8114-EB61EDECF3AC}.Release|x86.Build.0 = Release|x86
		{D22B732B-84F5-4213-8114-EB61EDECF3AC}.Release|x86.Deploy.0 = Release|x86
		{0CAD07C1-3804-493B-87EA-3FD1CC8D1788}.Debug|Any CPU.ActiveCfg = Debug|Any CPU
		{0CAD07C1-3804-493B-87EA-3FD1CC8D1788}.Debug|Any CPU.Build.0 = Debug|Any CPU
		{0CAD07C1-3804-493B-87EA-3FD1CC8D1788}.Debug|Any CPU.Deploy.0 = Debug|Any CPU
		{0CAD07C1-3804-493B-87EA-3FD1CC8D1788}.Debug|ARM.ActiveCfg = Debug|Any CPU
		{0CAD07C1-3804-493B-87EA-3FD1CC8D1788}.Debug|ARM.Build.0 = Debug|Any CPU
		{0CAD07C1-3804-493B-87EA-3FD1CC8D1788}.Debug|ARM.Deploy.0 = Debug|Any CPU
		{0CAD07C1-3804-493B-87EA-3FD1CC8D1788}.Debug|iPhone.ActiveCfg = Debug|Any CPU
		{0CAD07C1-3804-493B-87EA-3FD1CC8D1788}.Debug|iPhone.Build.0 = Debug|Any CPU
		{0CAD07C1-3804-493B-87EA-3FD1CC8D1788}.Debug|iPhone.Deploy.0 = Debug|Any CPU
		{0CAD07C1-3804-493B-87EA-3FD1CC8D1788}.Debug|iPhoneSimulator.ActiveCfg = Debug|Any CPU
		{0CAD07C1-3804-493B-87EA-3FD1CC8D1788}.Debug|iPhoneSimulator.Build.0 = Debug|Any CPU
		{0CAD07C1-3804-493B-87EA-3FD1CC8D1788}.Debug|iPhoneSimulator.Deploy.0 = Debug|Any CPU
		{0CAD07C1-3804-493B-87EA-3FD1CC8D1788}.Debug|x64.ActiveCfg = Debug|Any CPU
		{0CAD07C1-3804-493B-87EA-3FD1CC8D1788}.Debug|x64.Build.0 = Debug|Any CPU
		{0CAD07C1-3804-493B-87EA-3FD1CC8D1788}.Debug|x64.Deploy.0 = Debug|Any CPU
		{0CAD07C1-3804-493B-87EA-3FD1CC8D1788}.Debug|x86.ActiveCfg = Debug|Any CPU
		{0CAD07C1-3804-493B-87EA-3FD1CC8D1788}.Debug|x86.Build.0 = Debug|Any CPU
		{0CAD07C1-3804-493B-87EA-3FD1CC8D1788}.Debug|x86.Deploy.0 = Debug|Any CPU
		{0CAD07C1-3804-493B-87EA-3FD1CC8D1788}.Release|Any CPU.ActiveCfg = Release|Any CPU
		{0CAD07C1-3804-493B-87EA-3FD1CC8D1788}.Release|Any CPU.Build.0 = Release|Any CPU
		{0CAD07C1-3804-493B-87EA-3FD1CC8D1788}.Release|Any CPU.Deploy.0 = Release|Any CPU
		{0CAD07C1-3804-493B-87EA-3FD1CC8D1788}.Release|ARM.ActiveCfg = Release|Any CPU
		{0CAD07C1-3804-493B-87EA-3FD1CC8D1788}.Release|ARM.Build.0 = Release|Any CPU
		{0CAD07C1-3804-493B-87EA-3FD1CC8D1788}.Release|ARM.Deploy.0 = Release|Any CPU
		{0CAD07C1-3804-493B-87EA-3FD1CC8D1788}.Release|iPhone.ActiveCfg = Release|Any CPU
		{0CAD07C1-3804-493B-87EA-3FD1CC8D1788}.Release|iPhone.Build.0 = Release|Any CPU
		{0CAD07C1-3804-493B-87EA-3FD1CC8D1788}.Release|iPhone.Deploy.0 = Release|Any CPU
		{0CAD07C1-3804-493B-87EA-3FD1CC8D1788}.Release|iPhoneSimulator.ActiveCfg = Release|Any CPU
		{0CAD07C1-3804-493B-87EA-3FD1CC8D1788}.Release|iPhoneSimulator.Build.0 = Release|Any CPU
		{0CAD07C1-3804-493B-87EA-3FD1CC8D1788}.Release|iPhoneSimulator.Deploy.0 = Release|Any CPU
		{0CAD07C1-3804-493B-87EA-3FD1CC8D1788}.Release|x64.ActiveCfg = Release|Any CPU
		{0CAD07C1-3804-493B-87EA-3FD1CC8D1788}.Release|x64.Build.0 = Release|Any CPU
		{0CAD07C1-3804-493B-87EA-3FD1CC8D1788}.Release|x64.Deploy.0 = Release|Any CPU
		{0CAD07C1-3804-493B-87EA-3FD1CC8D1788}.Release|x86.ActiveCfg = Release|Any CPU
		{0CAD07C1-3804-493B-87EA-3FD1CC8D1788}.Release|x86.Build.0 = Release|Any CPU
		{0CAD07C1-3804-493B-87EA-3FD1CC8D1788}.Release|x86.Deploy.0 = Release|Any CPU
		{B200B48B-FC33-4078-AB13-C37834144573}.Debug|Any CPU.ActiveCfg = Debug|iPhone
		{B200B48B-FC33-4078-AB13-C37834144573}.Debug|Any CPU.Build.0 = Debug|iPhone
		{B200B48B-FC33-4078-AB13-C37834144573}.Debug|Any CPU.Deploy.0 = Debug|iPhone
		{B200B48B-FC33-4078-AB13-C37834144573}.Debug|ARM.ActiveCfg = Debug|iPhoneSimulator
		{B200B48B-FC33-4078-AB13-C37834144573}.Debug|ARM.Build.0 = Debug|iPhoneSimulator
		{B200B48B-FC33-4078-AB13-C37834144573}.Debug|ARM.Deploy.0 = Debug|iPhoneSimulator
		{B200B48B-FC33-4078-AB13-C37834144573}.Debug|iPhone.ActiveCfg = Debug|iPhone
		{B200B48B-FC33-4078-AB13-C37834144573}.Debug|iPhone.Build.0 = Debug|iPhone
		{B200B48B-FC33-4078-AB13-C37834144573}.Debug|iPhone.Deploy.0 = Debug|iPhone
		{B200B48B-FC33-4078-AB13-C37834144573}.Debug|iPhoneSimulator.ActiveCfg = Debug|iPhoneSimulator
		{B200B48B-FC33-4078-AB13-C37834144573}.Debug|iPhoneSimulator.Build.0 = Debug|iPhoneSimulator
		{B200B48B-FC33-4078-AB13-C37834144573}.Debug|iPhoneSimulator.Deploy.0 = Debug|iPhoneSimulator
		{B200B48B-FC33-4078-AB13-C37834144573}.Debug|x64.ActiveCfg = Debug|iPhone
		{B200B48B-FC33-4078-AB13-C37834144573}.Debug|x64.Build.0 = Debug|iPhone
		{B200B48B-FC33-4078-AB13-C37834144573}.Debug|x64.Deploy.0 = Debug|iPhone
		{B200B48B-FC33-4078-AB13-C37834144573}.Debug|x86.ActiveCfg = Debug|iPhone
		{B200B48B-FC33-4078-AB13-C37834144573}.Debug|x86.Build.0 = Debug|iPhone
		{B200B48B-FC33-4078-AB13-C37834144573}.Debug|x86.Deploy.0 = Debug|iPhone
		{B200B48B-FC33-4078-AB13-C37834144573}.Release|Any CPU.ActiveCfg = Release|iPhone
		{B200B48B-FC33-4078-AB13-C37834144573}.Release|Any CPU.Build.0 = Release|iPhone
		{B200B48B-FC33-4078-AB13-C37834144573}.Release|Any CPU.Deploy.0 = Release|iPhone
		{B200B48B-FC33-4078-AB13-C37834144573}.Release|ARM.ActiveCfg = Release|iPhone
		{B200B48B-FC33-4078-AB13-C37834144573}.Release|ARM.Build.0 = Release|iPhone
		{B200B48B-FC33-4078-AB13-C37834144573}.Release|ARM.Deploy.0 = Release|iPhone
		{B200B48B-FC33-4078-AB13-C37834144573}.Release|iPhone.ActiveCfg = Release|iPhone
		{B200B48B-FC33-4078-AB13-C37834144573}.Release|iPhone.Build.0 = Release|iPhone
		{B200B48B-FC33-4078-AB13-C37834144573}.Release|iPhone.Deploy.0 = Release|iPhone
		{B200B48B-FC33-4078-AB13-C37834144573}.Release|iPhoneSimulator.ActiveCfg = Release|iPhoneSimulator
		{B200B48B-FC33-4078-AB13-C37834144573}.Release|iPhoneSimulator.Build.0 = Release|iPhoneSimulator
		{B200B48B-FC33-4078-AB13-C37834144573}.Release|iPhoneSimulator.Deploy.0 = Release|iPhoneSimulator
		{B200B48B-FC33-4078-AB13-C37834144573}.Release|x64.ActiveCfg = Release|iPhone
		{B200B48B-FC33-4078-AB13-C37834144573}.Release|x64.Build.0 = Release|iPhone
		{B200B48B-FC33-4078-AB13-C37834144573}.Release|x64.Deploy.0 = Release|iPhone
		{B200B48B-FC33-4078-AB13-C37834144573}.Release|x86.ActiveCfg = Release|iPhone
		{B200B48B-FC33-4078-AB13-C37834144573}.Release|x86.Build.0 = Release|iPhone
		{B200B48B-FC33-4078-AB13-C37834144573}.Release|x86.Deploy.0 = Release|iPhone
		{063606F6-5B29-4431-88A3-67059869AF23}.Debug|Any CPU.ActiveCfg = Debug|Any CPU
		{063606F6-5B29-4431-88A3-67059869AF23}.Debug|Any CPU.Build.0 = Debug|Any CPU
		{063606F6-5B29-4431-88A3-67059869AF23}.Debug|Any CPU.Deploy.0 = Debug|Any CPU
		{063606F6-5B29-4431-88A3-67059869AF23}.Debug|ARM.ActiveCfg = Debug|Any CPU
		{063606F6-5B29-4431-88A3-67059869AF23}.Debug|ARM.Build.0 = Debug|Any CPU
		{063606F6-5B29-4431-88A3-67059869AF23}.Debug|ARM.Deploy.0 = Debug|Any CPU
		{063606F6-5B29-4431-88A3-67059869AF23}.Debug|iPhone.ActiveCfg = Debug|Any CPU
		{063606F6-5B29-4431-88A3-67059869AF23}.Debug|iPhone.Build.0 = Debug|Any CPU
		{063606F6-5B29-4431-88A3-67059869AF23}.Debug|iPhone.Deploy.0 = Debug|Any CPU
		{063606F6-5B29-4431-88A3-67059869AF23}.Debug|iPhoneSimulator.ActiveCfg = Debug|Any CPU
		{063606F6-5B29-4431-88A3-67059869AF23}.Debug|iPhoneSimulator.Build.0 = Debug|Any CPU
		{063606F6-5B29-4431-88A3-67059869AF23}.Debug|iPhoneSimulator.Deploy.0 = Debug|Any CPU
		{063606F6-5B29-4431-88A3-67059869AF23}.Debug|x64.ActiveCfg = Debug|Any CPU
		{063606F6-5B29-4431-88A3-67059869AF23}.Debug|x64.Build.0 = Debug|Any CPU
		{063606F6-5B29-4431-88A3-67059869AF23}.Debug|x64.Deploy.0 = Debug|Any CPU
		{063606F6-5B29-4431-88A3-67059869AF23}.Debug|x86.ActiveCfg = Debug|Any CPU
		{063606F6-5B29-4431-88A3-67059869AF23}.Debug|x86.Build.0 = Debug|Any CPU
		{063606F6-5B29-4431-88A3-67059869AF23}.Debug|x86.Deploy.0 = Debug|Any CPU
		{063606F6-5B29-4431-88A3-67059869AF23}.Release|Any CPU.ActiveCfg = Release|Any CPU
		{063606F6-5B29-4431-88A3-67059869AF23}.Release|Any CPU.Build.0 = Release|Any CPU
		{063606F6-5B29-4431-88A3-67059869AF23}.Release|Any CPU.Deploy.0 = Release|Any CPU
		{063606F6-5B29-4431-88A3-67059869AF23}.Release|ARM.ActiveCfg = Release|Any CPU
		{063606F6-5B29-4431-88A3-67059869AF23}.Release|ARM.Build.0 = Release|Any CPU
		{063606F6-5B29-4431-88A3-67059869AF23}.Release|ARM.Deploy.0 = Release|Any CPU
		{063606F6-5B29-4431-88A3-67059869AF23}.Release|iPhone.ActiveCfg = Release|Any CPU
		{063606F6-5B29-4431-88A3-67059869AF23}.Release|iPhone.Build.0 = Release|Any CPU
		{063606F6-5B29-4431-88A3-67059869AF23}.Release|iPhone.Deploy.0 = Release|Any CPU
		{063606F6-5B29-4431-88A3-67059869AF23}.Release|iPhoneSimulator.ActiveCfg = Release|Any CPU
		{063606F6-5B29-4431-88A3-67059869AF23}.Release|iPhoneSimulator.Build.0 = Release|Any CPU
		{063606F6-5B29-4431-88A3-67059869AF23}.Release|iPhoneSimulator.Deploy.0 = Release|Any CPU
		{063606F6-5B29-4431-88A3-67059869AF23}.Release|x64.ActiveCfg = Release|Any CPU
		{063606F6-5B29-4431-88A3-67059869AF23}.Release|x64.Build.0 = Release|Any CPU
		{063606F6-5B29-4431-88A3-67059869AF23}.Release|x64.Deploy.0 = Release|Any CPU
		{063606F6-5B29-4431-88A3-67059869AF23}.Release|x86.ActiveCfg = Release|Any CPU
		{063606F6-5B29-4431-88A3-67059869AF23}.Release|x86.Build.0 = Release|Any CPU
		{063606F6-5B29-4431-88A3-67059869AF23}.Release|x86.Deploy.0 = Release|Any CPU
	EndGlobalSection
	GlobalSection(SolutionProperties) = preSolution
		HideSolutionNode = FALSE
	EndGlobalSection
	GlobalSection(ExtensibilityGlobals) = postSolution
		SolutionGuid = {4697C0EA-9475-4C5B-BEE4-7B02A6F48C6D}
	EndGlobalSection
EndGlobal
