
Microsoft Visual Studio Solution File, Format Version 12.00
# Visual Studio 15
Project("{FAE04EC0-301F-11D3-BF4B-00C04F79EFBC}") = "HPlusSports.Android", "HPlusSports.Android\HPlusSports.Android.csproj", "{A690F722-C75D-40A0-BA01-2EB642714D59}"
EndProject
Project("{FAE04EC0-301F-11D3-BF4B-00C04F79EFBC}") = "HPlusSports.iOS", "HPlusSports.iOS\HPlusSports.iOS.csproj", "{B476A584-9497-4A4B-A020-7B2152796D85}"
EndProject
Project("{FAE04EC0-301F-11D3-BF4B-00C04F79EFBC}") = "HPlusSports", "HPlusSports\HPlusSports.csproj", "{92C9F664-7618-4055-BC6A-9A643BCA741F}"
EndProject
Global
	GlobalSection(SolutionConfigurationPlatforms) = preSolution
		Debug|Any CPU = Debug|Any CPU
		Release|Any CPU = Release|Any CPU
		Debug|iPhoneSimulator = Debug|iPhoneSimulator
		Release|iPhoneSimulator = Release|iPhoneSimulator
		Debug|iPhone = Debug|iPhone
		Release|iPhone = Release|iPhone
	EndGlobalSection
	GlobalSection(ProjectConfigurationPlatforms) = postSolution
		{A690F722-C75D-40A0-BA01-2EB642714D59}.Debug|Any CPU.ActiveCfg = Debug|Any CPU
		{A690F722-C75D-40A0-BA01-2EB642714D59}.Debug|Any CPU.Build.0 = Debug|Any CPU
		{A690F722-C75D-40A0-BA01-2EB642714D59}.Release|Any CPU.ActiveCfg = Release|Any CPU
		{A690F722-C75D-40A0-BA01-2EB642714D59}.Release|Any CPU.Build.0 = Release|Any CPU
		{A690F722-C75D-40A0-BA01-2EB642714D59}.Debug|iPhoneSimulator.ActiveCfg = Debug|Any CPU
		{A690F722-C75D-40A0-BA01-2EB642714D59}.Debug|iPhoneSimulator.Build.0 = Debug|Any CPU
		{A690F722-C75D-40A0-BA01-2EB642714D59}.Release|iPhoneSimulator.ActiveCfg = Release|Any CPU
		{A690F722-C75D-40A0-BA01-2EB642714D59}.Release|iPhoneSimulator.Build.0 = Release|Any CPU
		{A690F722-C75D-40A0-BA01-2EB642714D59}.Debug|iPhone.ActiveCfg = Debug|Any CPU
		{A690F722-C75D-40A0-BA01-2EB642714D59}.Debug|iPhone.Build.0 = Debug|Any CPU
		{A690F722-C75D-40A0-BA01-2EB642714D59}.Release|iPhone.ActiveCfg = Release|Any CPU
		{A690F722-C75D-40A0-BA01-2EB642714D59}.Release|iPhone.Build.0 = Release|Any CPU
		{B476A584-9497-4A4B-A020-7B2152796D85}.Debug|Any CPU.ActiveCfg = Debug|iPhoneSimulator
		{B476A584-9497-4A4B-A020-7B2152796D85}.Debug|Any CPU.Build.0 = Debug|iPhoneSimulator
		{B476A584-9497-4A4B-A020-7B2152796D85}.Release|Any CPU.ActiveCfg = Release|iPhoneSimulator
		{B476A584-9497-4A4B-A020-7B2152796D85}.Release|Any CPU.Build.0 = Release|iPhoneSimulator
		{B476A584-9497-4A4B-A020-7B2152796D85}.Debug|iPhoneSimulator.ActiveCfg = Debug|iPhoneSimulator
		{B476A584-9497-4A4B-A020-7B2152796D85}.Debug|iPhoneSimulator.Build.0 = Debug|iPhoneSimulator
		{B476A584-9497-4A4B-A020-7B2152796D85}.Release|iPhoneSimulator.ActiveCfg = Release|iPhoneSimulator
		{B476A584-9497-4A4B-A020-7B2152796D85}.Release|iPhoneSimulator.Build.0 = Release|iPhoneSimulator
		{B476A584-9497-4A4B-A020-7B2152796D85}.Debug|iPhone.ActiveCfg = Debug|iPhone
		{B476A584-9497-4A4B-A020-7B2152796D85}.Debug|iPhone.Build.0 = Debug|iPhone
		{B476A584-9497-4A4B-A020-7B2152796D85}.Release|iPhone.ActiveCfg = Release|iPhone
		{B476A584-9497-4A4B-A020-7B2152796D85}.Release|iPhone.Build.0 = Release|iPhone
		{92C9F664-7618-4055-BC6A-9A643BCA741F}.Debug|Any CPU.ActiveCfg = Debug|Any CPU
		{92C9F664-7618-4055-BC6A-9A643BCA741F}.Debug|Any CPU.Build.0 = Debug|Any CPU
		{92C9F664-7618-4055-BC6A-9A643BCA741F}.Release|Any CPU.ActiveCfg = Release|Any CPU
		{92C9F664-7618-4055-BC6A-9A643BCA741F}.Release|Any CPU.Build.0 = Release|Any CPU
		{92C9F664-7618-4055-BC6A-9A643BCA741F}.Debug|iPhoneSimulator.ActiveCfg = Debug|Any CPU
		{92C9F664-7618-4055-BC6A-9A643BCA741F}.Debug|iPhoneSimulator.Build.0 = Debug|Any CPU
		{92C9F664-7618-4055-BC6A-9A643BCA741F}.Release|iPhoneSimulator.ActiveCfg = Release|Any CPU
		{92C9F664-7618-4055-BC6A-9A643BCA741F}.Release|iPhoneSimulator.Build.0 = Release|Any CPU
		{92C9F664-7618-4055-BC6A-9A643BCA741F}.Debug|iPhone.ActiveCfg = Debug|Any CPU
		{92C9F664-7618-4055-BC6A-9A643BCA741F}.Debug|iPhone.Build.0 = Debug|Any CPU
		{92C9F664-7618-4055-BC6A-9A643BCA741F}.Release|iPhone.ActiveCfg = Release|Any CPU
		{92C9F664-7618-4055-BC6A-9A643BCA741F}.Release|iPhone.Build.0 = Release|Any CPU
	EndGlobalSection
EndGlobal
