
Microsoft Visual Studio Solution File, Format Version 12.00
# Visual Studio 15
Project("{FAE04EC0-301F-11D3-BF4B-00C04F79EFBC}") = "HPlusShell.Android", "HPlusShell.Android\HPlusShell.Android.csproj", "{AD4D65AB-C1CD-477A-B464-5071995DB647}"
EndProject
Project("{FAE04EC0-301F-11D3-BF4B-00C04F79EFBC}") = "HPlusShell.iOS", "HPlusShell.iOS\HPlusShell.iOS.csproj", "{E743C06F-D61F-4797-9AD0-E1BB11B1ADF1}"
EndProject
Project("{FAE04EC0-301F-11D3-BF4B-00C04F79EFBC}") = "HPlusShell", "HPlusShell\HPlusShell.csproj", "{E4FE4DB2-DFA5-44CA-9DDF-E050BB729AED}"
EndProject
Global
	GlobalSection(SolutionConfigurationPlatforms) = preSolution
		Debug|Any CPU = Debug|Any CPU
		Release|Any CPU = Release|Any CPU
		Debug|iPhoneSimulator = Debug|iPhoneSimulator
		Release|iPhoneSimulator = Release|iPhoneSimulator
		Debug|iPhone = Debug|iPhone
		Release|iPhone = Release|iPhone
	EndGlobalSection
	GlobalSection(ProjectConfigurationPlatforms) = postSolution
		{AD4D65AB-C1CD-477A-B464-5071995DB647}.Debug|Any CPU.ActiveCfg = Debug|Any CPU
		{AD4D65AB-C1CD-477A-B464-5071995DB647}.Debug|Any CPU.Build.0 = Debug|Any CPU
		{AD4D65AB-C1CD-477A-B464-5071995DB647}.Release|Any CPU.ActiveCfg = Release|Any CPU
		{AD4D65AB-C1CD-477A-B464-5071995DB647}.Release|Any CPU.Build.0 = Release|Any CPU
		{AD4D65AB-C1CD-477A-B464-5071995DB647}.Debug|iPhoneSimulator.ActiveCfg = Debug|Any CPU
		{AD4D65AB-C1CD-477A-B464-5071995DB647}.Debug|iPhoneSimulator.Build.0 = Debug|Any CPU
		{AD4D65AB-C1CD-477A-B464-5071995DB647}.Release|iPhoneSimulator.ActiveCfg = Release|Any CPU
		{AD4D65AB-C1CD-477A-B464-5071995DB647}.Release|iPhoneSimulator.Build.0 = Release|Any CPU
		{AD4D65AB-C1CD-477A-B464-5071995DB647}.Debug|iPhone.ActiveCfg = Debug|Any CPU
		{AD4D65AB-C1CD-477A-B464-5071995DB647}.Debug|iPhone.Build.0 = Debug|Any CPU
		{AD4D65AB-C1CD-477A-B464-5071995DB647}.Release|iPhone.ActiveCfg = Release|Any CPU
		{AD4D65AB-C1CD-477A-B464-5071995DB647}.Release|iPhone.Build.0 = Release|Any CPU
		{E743C06F-D61F-4797-9AD0-E1BB11B1ADF1}.Debug|Any CPU.ActiveCfg = Debug|iPhoneSimulator
		{E743C06F-D61F-4797-9AD0-E1BB11B1ADF1}.Debug|Any CPU.Build.0 = Debug|iPhoneSimulator
		{E743C06F-D61F-4797-9AD0-E1BB11B1ADF1}.Release|Any CPU.ActiveCfg = Release|iPhoneSimulator
		{E743C06F-D61F-4797-9AD0-E1BB11B1ADF1}.Release|Any CPU.Build.0 = Release|iPhoneSimulator
		{E743C06F-D61F-4797-9AD0-E1BB11B1ADF1}.Debug|iPhoneSimulator.ActiveCfg = Debug|iPhoneSimulator
		{E743C06F-D61F-4797-9AD0-E1BB11B1ADF1}.Debug|iPhoneSimulator.Build.0 = Debug|iPhoneSimulator
		{E743C06F-D61F-4797-9AD0-E1BB11B1ADF1}.Release|iPhoneSimulator.ActiveCfg = Release|iPhoneSimulator
		{E743C06F-D61F-4797-9AD0-E1BB11B1ADF1}.Release|iPhoneSimulator.Build.0 = Release|iPhoneSimulator
		{E743C06F-D61F-4797-9AD0-E1BB11B1ADF1}.Debug|iPhone.ActiveCfg = Debug|iPhone
		{E743C06F-D61F-4797-9AD0-E1BB11B1ADF1}.Debug|iPhone.Build.0 = Debug|iPhone
		{E743C06F-D61F-4797-9AD0-E1BB11B1ADF1}.Release|iPhone.ActiveCfg = Release|iPhone
		{E743C06F-D61F-4797-9AD0-E1BB11B1ADF1}.Release|iPhone.Build.0 = Release|iPhone
		{E4FE4DB2-DFA5-44CA-9DDF-E050BB729AED}.Debug|Any CPU.ActiveCfg = Debug|Any CPU
		{E4FE4DB2-DFA5-44CA-9DDF-E050BB729AED}.Debug|Any CPU.Build.0 = Debug|Any CPU
		{E4FE4DB2-DFA5-44CA-9DDF-E050BB729AED}.Release|Any CPU.ActiveCfg = Release|Any CPU
		{E4FE4DB2-DFA5-44CA-9DDF-E050BB729AED}.Release|Any CPU.Build.0 = Release|Any CPU
		{E4FE4DB2-DFA5-44CA-9DDF-E050BB729AED}.Debug|iPhoneSimulator.ActiveCfg = Debug|Any CPU
		{E4FE4DB2-DFA5-44CA-9DDF-E050BB729AED}.Debug|iPhoneSimulator.Build.0 = Debug|Any CPU
		{E4FE4DB2-DFA5-44CA-9DDF-E050BB729AED}.Release|iPhoneSimulator.ActiveCfg = Release|Any CPU
		{E4FE4DB2-DFA5-44CA-9DDF-E050BB729AED}.Release|iPhoneSimulator.Build.0 = Release|Any CPU
		{E4FE4DB2-DFA5-44CA-9DDF-E050BB729AED}.Debug|iPhone.ActiveCfg = Debug|Any CPU
		{E4FE4DB2-DFA5-44CA-9DDF-E050BB729AED}.Debug|iPhone.Build.0 = Debug|Any CPU
		{E4FE4DB2-DFA5-44CA-9DDF-E050BB729AED}.Release|iPhone.ActiveCfg = Release|Any CPU
		{E4FE4DB2-DFA5-44CA-9DDF-E050BB729AED}.Release|iPhone.Build.0 = Release|Any CPU
	EndGlobalSection
EndGlobal
